
Microsoft Visual Studio Solution File, Format Version 12.00
# Visual Studio Version 16
VisualStudioVersion = 16.0.31129.286
MinimumVisualStudioVersion = 10.0.40219.1
Project("{FAE04EC0-301F-11D3-BF4B-00C04F79EFBC}") = "DZ6", "DZ6\DZ6.csproj", "{71EBEA33-CAB1-499D-A45D-FF005A099CCA}"
EndProject
Global
	GlobalSection(SolutionConfigurationPlatforms) = preSolution
		Debug|Any CPU = Debug|Any CPU
		Release|Any CPU = Release|Any CPU
	EndGlobalSection
	GlobalSection(ProjectConfigurationPlatforms) = postSolution
		{71EBEA33-CAB1-499D-A45D-FF005A099CCA}.Debug|Any CPU.ActiveCfg = Debug|Any CPU
		{71EBEA33-CAB1-499D-A45D-FF005A099CCA}.Debug|Any CPU.Build.0 = Debug|Any CPU
		{71EBEA33-CAB1-499D-A45D-FF005A099CCA}.Release|Any CPU.ActiveCfg = Release|Any CPU
		{71EBEA33-CAB1-499D-A45D-FF005A099CCA}.Release|Any CPU.Build.0 = Release|Any CPU
	EndGlobalSection
	GlobalSection(SolutionProperties) = preSolution
		HideSolutionNode = FALSE
	EndGlobalSection
	GlobalSection(ExtensibilityGlobals) = postSolution
		SolutionGuid = {64C23394-64A8-471F-9E2D-43BC10EA7368}
	EndGlobalSection
EndGlobal
